
Microsoft Visual Studio Solution File, Format Version 12.00
# Visual Studio Version 17
VisualStudioVersion = 17.8.34511.84
MinimumVisualStudioVersion = 10.0.40219.1
Project("{FAE04EC0-301F-11D3-BF4B-00C04F79EFBC}") = "WebApp", "WebApp\WebApp.csproj", "{597F773F-2F7F-4CFF-97C3-5EF4EFF5FDB9}"
EndProject
Global
	GlobalSection(SolutionConfigurationPlatforms) = preSolution
		Debug|Any CPU = Debug|Any CPU
		Release|Any CPU = Release|Any CPU
	EndGlobalSection
	GlobalSection(ProjectConfigurationPlatforms) = postSolution
		{597F773F-2F7F-4CFF-97C3-5EF4EFF5FDB9}.Debug|Any CPU.ActiveCfg = Debug|Any CPU
		{597F773F-2F7F-4CFF-97C3-5EF4EFF5FDB9}.Debug|Any CPU.Build.0 = Debug|Any CPU
		{597F773F-2F7F-4CFF-97C3-5EF4EFF5FDB9}.Release|Any CPU.ActiveCfg = Release|Any CPU
		{597F773F-2F7F-4CFF-97C3-5EF4EFF5FDB9}.Release|Any CPU.Build.0 = Release|Any CPU
	EndGlobalSection
	GlobalSection(SolutionProperties) = preSolution
		HideSolutionNode = FALSE
	EndGlobalSection
	GlobalSection(ExtensibilityGlobals) = postSolution
		SolutionGuid = {2F56B65E-D798-46EF-B734-3D0E708477DE}
	EndGlobalSection
EndGlobal
